
Microsoft Visual Studio Solution File, Format Version 12.00
# Visual Studio Version 16
VisualStudioVersion = 16.0.31402.337
MinimumVisualStudioVersion = 10.0.40219.1
Project("{FAE04EC0-301F-11D3-BF4B-00C04F79EFBC}") = "ftp", "ftp\ftp.csproj", "{2ED0771B-70F0-473B-92B8-974EB4937338}"
EndProject
Global
	GlobalSection(SolutionConfigurationPlatforms) = preSolution
		Debug|Any CPU = Debug|Any CPU
		Release|Any CPU = Release|Any CPU
	EndGlobalSection
	GlobalSection(ProjectConfigurationPlatforms) = postSolution
		{2ED0771B-70F0-473B-92B8-974EB4937338}.Debug|Any CPU.ActiveCfg = Debug|Any CPU
		{2ED0771B-70F0-473B-92B8-974EB4937338}.Debug|Any CPU.Build.0 = Debug|Any CPU
		{2ED0771B-70F0-473B-92B8-974EB4937338}.Release|Any CPU.ActiveCfg = Release|Any CPU
		{2ED0771B-70F0-473B-92B8-974EB4937338}.Release|Any CPU.Build.0 = Release|Any CPU
	EndGlobalSection
	GlobalSection(SolutionProperties) = preSolution
		HideSolutionNode = FALSE
	EndGlobalSection
	GlobalSection(ExtensibilityGlobals) = postSolution
		SolutionGuid = {78B638AC-A33B-40AB-8F83-78024DE30280}
	EndGlobalSection
EndGlobal
